
Microsoft Visual Studio Solution File, Format Version 12.00
# Visual Studio Version 16
VisualStudioVersion = 16.0.28315.86
MinimumVisualStudioVersion = 10.0.40219.1
Project("{2150E333-8FDC-42A3-9474-1A3956D46DE8}") = "Engine", "Engine", "{94A6C6F3-99B3-346E-9557-ABF9D4064DBD}"
EndProject
Project("{2150E333-8FDC-42A3-9474-1A3956D46DE8}") = "Games", "Games", "{8E2F6A87-1826-34F4-940C-CC23A48F9FE4}"
EndProject
Project("{8BC9CEB8-8B4A-11D0-8D11-00A0C91BC942}") = "UE4", "Intermediate\ProjectFiles\UE4.vcxproj", "{A211814E-001A-4608-947B-E63D48DE5833}"
EndProject
Project("{8BC9CEB8-8B4A-11D0-8D11-00A0C91BC942}") = "CustomReplication", "Intermediate\ProjectFiles\CustomReplication.vcxproj", "{63E44716-0D8D-4962-A2C3-D679A7BBC2FA}"
EndProject
Project("{2150E333-8FDC-42A3-9474-1A3956D46DE8}") = "Visualizers", "Visualizers", "{1CCEC849-CC72-4C59-8C36-2F7C38706D4C}"
	ProjectSection(SolutionItems) = preProject
		..\..\..\..\..\UE_4.26\Engine\Extras\VisualStudioDebugging\UE4.natvis = ..\..\..\..\..\UE_4.26\Engine\Extras\VisualStudioDebugging\UE4.natvis
	EndProjectSection
EndProject
Global
	GlobalSection(SolutionConfigurationPlatforms) = preSolution
		DebugGame Editor|Linux = DebugGame Editor|Linux
		DebugGame Editor|LinuxAArch64 = DebugGame Editor|LinuxAArch64
		DebugGame Editor|Win32 = DebugGame Editor|Win32
		DebugGame Editor|Win64 = DebugGame Editor|Win64
		DebugGame|Linux = DebugGame|Linux
		DebugGame|LinuxAArch64 = DebugGame|LinuxAArch64
		DebugGame|Win32 = DebugGame|Win32
		DebugGame|Win64 = DebugGame|Win64
		Development Editor|Linux = Development Editor|Linux
		Development Editor|LinuxAArch64 = Development Editor|LinuxAArch64
		Development Editor|Win32 = Development Editor|Win32
		Development Editor|Win64 = Development Editor|Win64
		Development|Linux = Development|Linux
		Development|LinuxAArch64 = Development|LinuxAArch64
		Development|Win32 = Development|Win32
		Development|Win64 = Development|Win64
		Shipping|Linux = Shipping|Linux
		Shipping|LinuxAArch64 = Shipping|LinuxAArch64
		Shipping|Win32 = Shipping|Win32
		Shipping|Win64 = Shipping|Win64
	EndGlobalSection
	GlobalSection(ProjectConfigurationPlatforms) = postSolution
		{A211814E-001A-4608-947B-E63D48DE5833}.DebugGame Editor|Linux.ActiveCfg = BuiltWithUnrealBuildTool|Win32
		{A211814E-001A-4608-947B-E63D48DE5833}.DebugGame Editor|LinuxAArch64.ActiveCfg = BuiltWithUnrealBuildTool|Win32
		{A211814E-001A-4608-947B-E63D48DE5833}.DebugGame Editor|Win32.ActiveCfg = BuiltWithUnrealBuildTool|Win32
		{A211814E-001A-4608-947B-E63D48DE5833}.DebugGame Editor|Win64.ActiveCfg = BuiltWithUnrealBuildTool|Win32
		{A211814E-001A-4608-947B-E63D48DE5833}.DebugGame|Linux.ActiveCfg = BuiltWithUnrealBuildTool|Win32
		{A211814E-001A-4608-947B-E63D48DE5833}.DebugGame|LinuxAArch64.ActiveCfg = BuiltWithUnrealBuildTool|Win32
		{A211814E-001A-4608-947B-E63D48DE5833}.DebugGame|Win32.ActiveCfg = BuiltWithUnrealBuildTool|Win32
		{A211814E-001A-4608-947B-E63D48DE5833}.DebugGame|Win64.ActiveCfg = BuiltWithUnrealBuildTool|Win32
		{A211814E-001A-4608-947B-E63D48DE5833}.Development Editor|Linux.ActiveCfg = BuiltWithUnrealBuildTool|Win32
		{A211814E-001A-4608-947B-E63D48DE5833}.Development Editor|LinuxAArch64.ActiveCfg = BuiltWithUnrealBuildTool|Win32
		{A211814E-001A-4608-947B-E63D48DE5833}.Development Editor|Win32.ActiveCfg = BuiltWithUnrealBuildTool|Win32
		{A211814E-001A-4608-947B-E63D48DE5833}.Development Editor|Win64.ActiveCfg = BuiltWithUnrealBuildTool|Win32
		{A211814E-001A-4608-947B-E63D48DE5833}.Development|Linux.ActiveCfg = BuiltWithUnrealBuildTool|Win32
		{A211814E-001A-4608-947B-E63D48DE5833}.Development|LinuxAArch64.ActiveCfg = BuiltWithUnrealBuildTool|Win32
		{A211814E-001A-4608-947B-E63D48DE5833}.Development|Win32.ActiveCfg = BuiltWithUnrealBuildTool|Win32
		{A211814E-001A-4608-947B-E63D48DE5833}.Development|Win64.ActiveCfg = BuiltWithUnrealBuildTool|Win32
		{A211814E-001A-4608-947B-E63D48DE5833}.Shipping|Linux.ActiveCfg = BuiltWithUnrealBuildTool|Win32
		{A211814E-001A-4608-947B-E63D48DE5833}.Shipping|LinuxAArch64.ActiveCfg = BuiltWithUnrealBuildTool|Win32
		{A211814E-001A-4608-947B-E63D48DE5833}.Shipping|Win32.ActiveCfg = BuiltWithUnrealBuildTool|Win32
		{A211814E-001A-4608-947B-E63D48DE5833}.Shipping|Win64.ActiveCfg = BuiltWithUnrealBuildTool|Win32
		{63E44716-0D8D-4962-A2C3-D679A7BBC2FA}.DebugGame Editor|Linux.ActiveCfg = Linux_DebugGame_Editor|Win32
		{63E44716-0D8D-4962-A2C3-D679A7BBC2FA}.DebugGame Editor|Linux.Build.0 = Linux_DebugGame_Editor|Win32
		{63E44716-0D8D-4962-A2C3-D679A7BBC2FA}.DebugGame Editor|LinuxAArch64.ActiveCfg = Invalid|Win32
		{63E44716-0D8D-4962-A2C3-D679A7BBC2FA}.DebugGame Editor|Win32.ActiveCfg = Invalid|Win32
		{63E44716-0D8D-4962-A2C3-D679A7BBC2FA}.DebugGame Editor|Win64.ActiveCfg = DebugGame_Editor|x64
		{63E44716-0D8D-4962-A2C3-D679A7BBC2FA}.DebugGame Editor|Win64.Build.0 = DebugGame_Editor|x64
		{63E44716-0D8D-4962-A2C3-D679A7BBC2FA}.DebugGame|Linux.ActiveCfg = Linux_DebugGame|Win32
		{63E44716-0D8D-4962-A2C3-D679A7BBC2FA}.DebugGame|Linux.Build.0 = Linux_DebugGame|Win32
		{63E44716-0D8D-4962-A2C3-D679A7BBC2FA}.DebugGame|LinuxAArch64.ActiveCfg = LinuxAArch64_DebugGame|Win32
		{63E44716-0D8D-4962-A2C3-D679A7BBC2FA}.DebugGame|LinuxAArch64.Build.0 = LinuxAArch64_DebugGame|Win32
		{63E44716-0D8D-4962-A2C3-D679A7BBC2FA}.DebugGame|Win32.ActiveCfg = DebugGame|Win32
		{63E44716-0D8D-4962-A2C3-D679A7BBC2FA}.DebugGame|Win32.Build.0 = DebugGame|Win32
		{63E44716-0D8D-4962-A2C3-D679A7BBC2FA}.DebugGame|Win64.ActiveCfg = DebugGame|x64
		{63E44716-0D8D-4962-A2C3-D679A7BBC2FA}.DebugGame|Win64.Build.0 = DebugGame|x64
		{63E44716-0D8D-4962-A2C3-D679A7BBC2FA}.Development Editor|Linux.ActiveCfg = Linux_Development_Editor|Win32
		{63E44716-0D8D-4962-A2C3-D679A7BBC2FA}.Development Editor|Linux.Build.0 = Linux_Development_Editor|Win32
		{63E44716-0D8D-4962-A2C3-D679A7BBC2FA}.Development Editor|LinuxAArch64.ActiveCfg = Invalid|Win32
		{63E44716-0D8D-4962-A2C3-D679A7BBC2FA}.Development Editor|Win32.ActiveCfg = Invalid|Win32
		{63E44716-0D8D-4962-A2C3-D679A7BBC2FA}.Development Editor|Win64.ActiveCfg = Development_Editor|x64
		{63E44716-0D8D-4962-A2C3-D679A7BBC2FA}.Development Editor|Win64.Build.0 = Development_Editor|x64
		{63E44716-0D8D-4962-A2C3-D679A7BBC2FA}.Development|Linux.ActiveCfg = Linux_Development|Win32
		{63E44716-0D8D-4962-A2C3-D679A7BBC2FA}.Development|Linux.Build.0 = Linux_Development|Win32
		{63E44716-0D8D-4962-A2C3-D679A7BBC2FA}.Development|LinuxAArch64.ActiveCfg = LinuxAArch64_Development|Win32
		{63E44716-0D8D-4962-A2C3-D679A7BBC2FA}.Development|LinuxAArch64.Build.0 = LinuxAArch64_Development|Win32
		{63E44716-0D8D-4962-A2C3-D679A7BBC2FA}.Development|Win32.ActiveCfg = Development|Win32
		{63E44716-0D8D-4962-A2C3-D679A7BBC2FA}.Development|Win32.Build.0 = Development|Win32
		{63E44716-0D8D-4962-A2C3-D679A7BBC2FA}.Development|Win64.ActiveCfg = Development|x64
		{63E44716-0D8D-4962-A2C3-D679A7BBC2FA}.Development|Win64.Build.0 = Development|x64
		{63E44716-0D8D-4962-A2C3-D679A7BBC2FA}.Shipping|Linux.ActiveCfg = Linux_Shipping|Win32
		{63E44716-0D8D-4962-A2C3-D679A7BBC2FA}.Shipping|Linux.Build.0 = Linux_Shipping|Win32
		{63E44716-0D8D-4962-A2C3-D679A7BBC2FA}.Shipping|LinuxAArch64.ActiveCfg = LinuxAArch64_Shipping|Win32
		{63E44716-0D8D-4962-A2C3-D679A7BBC2FA}.Shipping|LinuxAArch64.Build.0 = LinuxAArch64_Shipping|Win32
		{63E44716-0D8D-4962-A2C3-D679A7BBC2FA}.Shipping|Win32.ActiveCfg = Shipping|Win32
		{63E44716-0D8D-4962-A2C3-D679A7BBC2FA}.Shipping|Win32.Build.0 = Shipping|Win32
		{63E44716-0D8D-4962-A2C3-D679A7BBC2FA}.Shipping|Win64.ActiveCfg = Shipping|x64
		{63E44716-0D8D-4962-A2C3-D679A7BBC2FA}.Shipping|Win64.Build.0 = Shipping|x64
	EndGlobalSection
	GlobalSection(SolutionProperties) = preSolution
		HideSolutionNode = FALSE
	EndGlobalSection
	GlobalSection(NestedProjects) = preSolution
		{A211814E-001A-4608-947B-E63D48DE5833} = {94A6C6F3-99B3-346E-9557-ABF9D4064DBD}
		{63E44716-0D8D-4962-A2C3-D679A7BBC2FA} = {8E2F6A87-1826-34F4-940C-CC23A48F9FE4}
	EndGlobalSection
EndGlobal
